
Microsoft Visual Studio Solution File, Format Version 12.00
# Visual Studio Version 17
VisualStudioVersion = 17.8.34511.84
MinimumVisualStudioVersion = 10.0.40219.1
Project("{8BC9CEB8-8B4A-11D0-8D11-00A0C91BC942}") = "Colorss", "Colorss\Colorss.vcxproj", "{3B4E900A-0876-4192-990C-AF1E305A5ED9}"
EndProject
Project("{8BC9CEB8-8B4A-11D0-8D11-00A0C91BC942}") = "nomer 2", "nomer 2\nomer 2.vcxproj", "{F6E2D36D-62DA-457A-878A-6935E9D267DE}"
EndProject
Project("{8BC9CEB8-8B4A-11D0-8D11-00A0C91BC942}") = "nomer 3", "nomer 3\nomer 3.vcxproj", "{17C35DFF-CEBA-4E44-80F7-A7857AE42471}"
EndProject
Project("{8BC9CEB8-8B4A-11D0-8D11-00A0C91BC942}") = "prost num", "prost num\prost num.vcxproj", "{CA90CBC4-829C-4523-9E78-5CA43DF154C4}"
EndProject
Project("{8BC9CEB8-8B4A-11D0-8D11-00A0C91BC942}") = "count sochet", "count sochet\count sochet.vcxproj", "{7431C16F-47EC-41A7-83A0-ADBC687DD428}"
EndProject
Project("{8BC9CEB8-8B4A-11D0-8D11-00A0C91BC942}") = "nazelo", "nazelo\nazelo.vcxproj", "{20B1ECA2-7D10-4EC2-8AE4-8ACF573B8970}"
EndProject
Project("{8BC9CEB8-8B4A-11D0-8D11-00A0C91BC942}") = "agge", "agge\agge.vcxproj", "{DC94C74E-97BC-43DA-AAF7-9E4762506D48}"
EndProject
Project("{8BC9CEB8-8B4A-11D0-8D11-00A0C91BC942}") = "chetverti", "chetverti\chetverti.vcxproj", "{38F5B9BE-DEA4-4E66-AC7F-6C3A294751ED}"
EndProject
Project("{8BC9CEB8-8B4A-11D0-8D11-00A0C91BC942}") = "switchcase", "switchcase\switchcase.vcxproj", "{0017AC09-64DA-4584-BD50-F41F9E3B4FCB}"
EndProject
Project("{8BC9CEB8-8B4A-11D0-8D11-00A0C91BC942}") = "progress", "progress\progress.vcxproj", "{E6757573-A0DE-467D-957A-A98C67107560}"
EndProject
Project("{8BC9CEB8-8B4A-11D0-8D11-00A0C91BC942}") = "dokazano", "dokazano\dokazano.vcxproj", "{8590A7CE-C322-40BB-96D3-65B7797DEED1}"
EndProject
Project("{8BC9CEB8-8B4A-11D0-8D11-00A0C91BC942}") = "integral", "integral\integral.vcxproj", "{3AC3840A-839D-44E6-8D8F-09F89C69D930}"
EndProject
Project("{8BC9CEB8-8B4A-11D0-8D11-00A0C91BC942}") = "log2", "log2\log2.vcxproj", "{4F92088B-3C62-4DC6-A5BF-2A37CA0B55CB}"
EndProject
Project("{8BC9CEB8-8B4A-11D0-8D11-00A0C91BC942}") = "massiv", "massiv\massiv.vcxproj", "{3D9EF7FD-9424-4082-82C1-6E1A525E0809}"
EndProject
Project("{8BC9CEB8-8B4A-11D0-8D11-00A0C91BC942}") = "pyzirek", "pyzirek\pyzirek.vcxproj", "{BE8EE7EF-DF61-448A-8C26-60727DBF5BCA}"
EndProject
Project("{8BC9CEB8-8B4A-11D0-8D11-00A0C91BC942}") = "tekst", "tekst\tekst.vcxproj", "{398E109B-BB36-40DC-9242-FC3DF327B469}"
EndProject
Project("{8BC9CEB8-8B4A-11D0-8D11-00A0C91BC942}") = "dva massiva", "dva massiva\dva massiva.vcxproj", "{046EF0C9-F423-4274-94F3-F34DBD87FA3F}"
EndProject
Project("{8BC9CEB8-8B4A-11D0-8D11-00A0C91BC942}") = "koren", "koren\koren.vcxproj", "{3DF4DD77-37E0-4B28-A488-9749C67184B9}"
EndProject
Project("{8BC9CEB8-8B4A-11D0-8D11-00A0C91BC942}") = "koren2", "koren2\koren2.vcxproj", "{9468EA5E-3373-45E5-847C-1CDBED1ABA1E}"
EndProject
Project("{8BC9CEB8-8B4A-11D0-8D11-00A0C91BC942}") = "sravnenie strok", "sravnenie strok\sravnenie strok.vcxproj", "{59659F1F-03F2-484E-87C5-EB95D16C94CE}"
EndProject
Project("{8BC9CEB8-8B4A-11D0-8D11-00A0C91BC942}") = "proverla email", "proverla email\proverla email.vcxproj", "{B641012D-6439-4AC1-8F07-4D79D1154EFF}"
EndProject
Project("{8BC9CEB8-8B4A-11D0-8D11-00A0C91BC942}") = "Dz po yzatelyam №1", "Dz po yzatelyam №1\Dz po yzatelyam №1.vcxproj", "{787F8259-C6F1-490F-B550-4757D81D0A04}"
EndProject
Project("{8BC9CEB8-8B4A-11D0-8D11-00A0C91BC942}") = "Dz po ykazatelyam №2", "Dz po ykazatelyam №2\Dz po ykazatelyam №2.vcxproj", "{6943EB0D-05C4-4B7C-B74C-78627CB997BE}"
EndProject
Project("{8BC9CEB8-8B4A-11D0-8D11-00A0C91BC942}") = "Dz po ykazatelyam №3", "Dz po ykazatelyam №3\Dz po ykazatelyam №3.vcxproj", "{1C88F56E-E92F-4321-9E1C-F8265CAE6C0C}"
EndProject
Project("{8BC9CEB8-8B4A-11D0-8D11-00A0C91BC942}") = "DZ po ykazatelyam №4", "DZ po ykazatelyam №4\DZ po ykazatelyam №4.vcxproj", "{4E2EDCE7-EBB9-4B61-9A65-AE8A5121FF95}"
EndProject
Project("{8BC9CEB8-8B4A-11D0-8D11-00A0C91BC942}") = "Dz po stryctyram №1", "Dz po stryctyram №1\Dz po stryctyram №1.vcxproj", "{FA8562B8-03B4-4241-AA09-826749F35225}"
EndProject
Project("{8BC9CEB8-8B4A-11D0-8D11-00A0C91BC942}") = "Dz po stryctyram №2", "Dz po stryctyram №2\Dz po stryctyram №2.vcxproj", "{745423C8-AFAB-4F64-983B-B8C7D4DB6BCF}"
EndProject
Project("{8BC9CEB8-8B4A-11D0-8D11-00A0C91BC942}") = "Dz po stryctyram №3", "Dz po stryctyram №3\Dz po stryctyram №3.vcxproj", "{0035F885-F716-4D90-8618-D9CB4AE18118}"
EndProject
Project("{8BC9CEB8-8B4A-11D0-8D11-00A0C91BC942}") = "remove", "remove\remove.vcxproj", "{67319D18-EC60-47BF-83D7-70C32BC4C665}"
EndProject
Project("{8BC9CEB8-8B4A-11D0-8D11-00A0C91BC942}") = "experement 1", "experement\experement.vcxproj", "{25CC82B1-392B-480C-9B47-6E0B4A54D69F}"
EndProject
Project("{8BC9CEB8-8B4A-11D0-8D11-00A0C91BC942}") = "experement 2", "experement 2\experement 2.vcxproj", "{C46514A6-7F46-41FC-88AD-107F8EFD4D50}"
EndProject
Project("{8BC9CEB8-8B4A-11D0-8D11-00A0C91BC942}") = "peregryzka", "peregryzka\peregryzka.vcxproj", "{A9970F3E-3604-4E18-BC08-0384E11D207C}"
EndProject
Global
	GlobalSection(SolutionConfigurationPlatforms) = preSolution
		Debug|x64 = Debug|x64
		Debug|x86 = Debug|x86
		Release|x64 = Release|x64
		Release|x86 = Release|x86
	EndGlobalSection
	GlobalSection(ProjectConfigurationPlatforms) = postSolution
		{3B4E900A-0876-4192-990C-AF1E305A5ED9}.Debug|x64.ActiveCfg = Debug|x64
		{3B4E900A-0876-4192-990C-AF1E305A5ED9}.Debug|x64.Build.0 = Debug|x64
		{3B4E900A-0876-4192-990C-AF1E305A5ED9}.Debug|x86.ActiveCfg = Debug|Win32
		{3B4E900A-0876-4192-990C-AF1E305A5ED9}.Debug|x86.Build.0 = Debug|Win32
		{3B4E900A-0876-4192-990C-AF1E305A5ED9}.Release|x64.ActiveCfg = Release|x64
		{3B4E900A-0876-4192-990C-AF1E305A5ED9}.Release|x64.Build.0 = Release|x64
		{3B4E900A-0876-4192-990C-AF1E305A5ED9}.Release|x86.ActiveCfg = Release|Win32
		{3B4E900A-0876-4192-990C-AF1E305A5ED9}.Release|x86.Build.0 = Release|Win32
		{F6E2D36D-62DA-457A-878A-6935E9D267DE}.Debug|x64.ActiveCfg = Debug|x64
		{F6E2D36D-62DA-457A-878A-6935E9D267DE}.Debug|x64.Build.0 = Debug|x64
		{F6E2D36D-62DA-457A-878A-6935E9D267DE}.Debug|x86.ActiveCfg = Debug|Win32
		{F6E2D36D-62DA-457A-878A-6935E9D267DE}.Debug|x86.Build.0 = Debug|Win32
		{F6E2D36D-62DA-457A-878A-6935E9D267DE}.Release|x64.ActiveCfg = Release|x64
		{F6E2D36D-62DA-457A-878A-6935E9D267DE}.Release|x64.Build.0 = Release|x64
		{F6E2D36D-62DA-457A-878A-6935E9D267DE}.Release|x86.ActiveCfg = Release|Win32
		{F6E2D36D-62DA-457A-878A-6935E9D267DE}.Release|x86.Build.0 = Release|Win32
		{17C35DFF-CEBA-4E44-80F7-A7857AE42471}.Debug|x64.ActiveCfg = Debug|x64
		{17C35DFF-CEBA-4E44-80F7-A7857AE42471}.Debug|x64.Build.0 = Debug|x64
		{17C35DFF-CEBA-4E44-80F7-A7857AE42471}.Debug|x86.ActiveCfg = Debug|Win32
		{17C35DFF-CEBA-4E44-80F7-A7857AE42471}.Debug|x86.Build.0 = Debug|Win32
		{17C35DFF-CEBA-4E44-80F7-A7857AE42471}.Release|x64.ActiveCfg = Release|x64
		{17C35DFF-CEBA-4E44-80F7-A7857AE42471}.Release|x64.Build.0 = Release|x64
		{17C35DFF-CEBA-4E44-80F7-A7857AE42471}.Release|x86.ActiveCfg = Release|Win32
		{17C35DFF-CEBA-4E44-80F7-A7857AE42471}.Release|x86.Build.0 = Release|Win32
		{CA90CBC4-829C-4523-9E78-5CA43DF154C4}.Debug|x64.ActiveCfg = Debug|x64
		{CA90CBC4-829C-4523-9E78-5CA43DF154C4}.Debug|x64.Build.0 = Debug|x64
		{CA90CBC4-829C-4523-9E78-5CA43DF154C4}.Debug|x86.ActiveCfg = Debug|Win32
		{CA90CBC4-829C-4523-9E78-5CA43DF154C4}.Debug|x86.Build.0 = Debug|Win32
		{CA90CBC4-829C-4523-9E78-5CA43DF154C4}.Release|x64.ActiveCfg = Release|x64
		{CA90CBC4-829C-4523-9E78-5CA43DF154C4}.Release|x64.Build.0 = Release|x64
		{CA90CBC4-829C-4523-9E78-5CA43DF154C4}.Release|x86.ActiveCfg = Release|Win32
		{CA90CBC4-829C-4523-9E78-5CA43DF154C4}.Release|x86.Build.0 = Release|Win32
		{7431C16F-47EC-41A7-83A0-ADBC687DD428}.Debug|x64.ActiveCfg = Debug|x64
		{7431C16F-47EC-41A7-83A0-ADBC687DD428}.Debug|x64.Build.0 = Debug|x64
		{7431C16F-47EC-41A7-83A0-ADBC687DD428}.Debug|x86.ActiveCfg = Debug|Win32
		{7431C16F-47EC-41A7-83A0-ADBC687DD428}.Debug|x86.Build.0 = Debug|Win32
		{7431C16F-47EC-41A7-83A0-ADBC687DD428}.Release|x64.ActiveCfg = Release|x64
		{7431C16F-47EC-41A7-83A0-ADBC687DD428}.Release|x64.Build.0 = Release|x64
		{7431C16F-47EC-41A7-83A0-ADBC687DD428}.Release|x86.ActiveCfg = Release|Win32
		{7431C16F-47EC-41A7-83A0-ADBC687DD428}.Release|x86.Build.0 = Release|Win32
		{20B1ECA2-7D10-4EC2-8AE4-8ACF573B8970}.Debug|x64.ActiveCfg = Debug|x64
		{20B1ECA2-7D10-4EC2-8AE4-8ACF573B8970}.Debug|x64.Build.0 = Debug|x64
		{20B1ECA2-7D10-4EC2-8AE4-8ACF573B8970}.Debug|x86.ActiveCfg = Debug|Win32
		{20B1ECA2-7D10-4EC2-8AE4-8ACF573B8970}.Debug|x86.Build.0 = Debug|Win32
		{20B1ECA2-7D10-4EC2-8AE4-8ACF573B8970}.Release|x64.ActiveCfg = Release|x64
		{20B1ECA2-7D10-4EC2-8AE4-8ACF573B8970}.Release|x64.Build.0 = Release|x64
		{20B1ECA2-7D10-4EC2-8AE4-8ACF573B8970}.Release|x86.ActiveCfg = Release|Win32
		{20B1ECA2-7D10-4EC2-8AE4-8ACF573B8970}.Release|x86.Build.0 = Release|Win32
		{DC94C74E-97BC-43DA-AAF7-9E4762506D48}.Debug|x64.ActiveCfg = Debug|x64
		{DC94C74E-97BC-43DA-AAF7-9E4762506D48}.Debug|x64.Build.0 = Debug|x64
		{DC94C74E-97BC-43DA-AAF7-9E4762506D48}.Debug|x86.ActiveCfg = Debug|Win32
		{DC94C74E-97BC-43DA-AAF7-9E4762506D48}.Debug|x86.Build.0 = Debug|Win32
		{DC94C74E-97BC-43DA-AAF7-9E4762506D48}.Release|x64.ActiveCfg = Release|x64
		{DC94C74E-97BC-43DA-AAF7-9E4762506D48}.Release|x64.Build.0 = Release|x64
		{DC94C74E-97BC-43DA-AAF7-9E4762506D48}.Release|x86.ActiveCfg = Release|Win32
		{DC94C74E-97BC-43DA-AAF7-9E4762506D48}.Release|x86.Build.0 = Release|Win32
		{38F5B9BE-DEA4-4E66-AC7F-6C3A294751ED}.Debug|x64.ActiveCfg = Debug|x64
		{38F5B9BE-DEA4-4E66-AC7F-6C3A294751ED}.Debug|x64.Build.0 = Debug|x64
		{38F5B9BE-DEA4-4E66-AC7F-6C3A294751ED}.Debug|x86.ActiveCfg = Debug|Win32
		{38F5B9BE-DEA4-4E66-AC7F-6C3A294751ED}.Debug|x86.Build.0 = Debug|Win32
		{38F5B9BE-DEA4-4E66-AC7F-6C3A294751ED}.Release|x64.ActiveCfg = Release|x64
		{38F5B9BE-DEA4-4E66-AC7F-6C3A294751ED}.Release|x64.Build.0 = Release|x64
		{38F5B9BE-DEA4-4E66-AC7F-6C3A294751ED}.Release|x86.ActiveCfg = Release|Win32
		{38F5B9BE-DEA4-4E66-AC7F-6C3A294751ED}.Release|x86.Build.0 = Release|Win32
		{0017AC09-64DA-4584-BD50-F41F9E3B4FCB}.Debug|x64.ActiveCfg = Debug|x64
		{0017AC09-64DA-4584-BD50-F41F9E3B4FCB}.Debug|x64.Build.0 = Debug|x64
		{0017AC09-64DA-4584-BD50-F41F9E3B4FCB}.Debug|x86.ActiveCfg = Debug|Win32
		{0017AC09-64DA-4584-BD50-F41F9E3B4FCB}.Debug|x86.Build.0 = Debug|Win32
		{0017AC09-64DA-4584-BD50-F41F9E3B4FCB}.Release|x64.ActiveCfg = Release|x64
		{0017AC09-64DA-4584-BD50-F41F9E3B4FCB}.Release|x64.Build.0 = Release|x64
		{0017AC09-64DA-4584-BD50-F41F9E3B4FCB}.Release|x86.ActiveCfg = Release|Win32
		{0017AC09-64DA-4584-BD50-F41F9E3B4FCB}.Release|x86.Build.0 = Release|Win32
		{E6757573-A0DE-467D-957A-A98C67107560}.Debug|x64.ActiveCfg = Debug|x64
		{E6757573-A0DE-467D-957A-A98C67107560}.Debug|x64.Build.0 = Debug|x64
		{E6757573-A0DE-467D-957A-A98C67107560}.Debug|x86.ActiveCfg = Debug|Win32
		{E6757573-A0DE-467D-957A-A98C67107560}.Debug|x86.Build.0 = Debug|Win32
		{E6757573-A0DE-467D-957A-A98C67107560}.Release|x64.ActiveCfg = Release|x64
		{E6757573-A0DE-467D-957A-A98C67107560}.Release|x64.Build.0 = Release|x64
		{E6757573-A0DE-467D-957A-A98C67107560}.Release|x86.ActiveCfg = Release|Win32
		{E6757573-A0DE-467D-957A-A98C67107560}.Release|x86.Build.0 = Release|Win32
		{8590A7CE-C322-40BB-96D3-65B7797DEED1}.Debug|x64.ActiveCfg = Debug|x64
		{8590A7CE-C322-40BB-96D3-65B7797DEED1}.Debug|x64.Build.0 = Debug|x64
		{8590A7CE-C322-40BB-96D3-65B7797DEED1}.Debug|x86.ActiveCfg = Debug|Win32
		{8590A7CE-C322-40BB-96D3-65B7797DEED1}.Debug|x86.Build.0 = Debug|Win32
		{8590A7CE-C322-40BB-96D3-65B7797DEED1}.Release|x64.ActiveCfg = Release|x64
		{8590A7CE-C322-40BB-96D3-65B7797DEED1}.Release|x64.Build.0 = Release|x64
		{8590A7CE-C322-40BB-96D3-65B7797DEED1}.Release|x86.ActiveCfg = Release|Win32
		{8590A7CE-C322-40BB-96D3-65B7797DEED1}.Release|x86.Build.0 = Release|Win32
		{3AC3840A-839D-44E6-8D8F-09F89C69D930}.Debug|x64.ActiveCfg = Debug|x64
		{3AC3840A-839D-44E6-8D8F-09F89C69D930}.Debug|x64.Build.0 = Debug|x64
		{3AC3840A-839D-44E6-8D8F-09F89C69D930}.Debug|x86.ActiveCfg = Debug|Win32
		{3AC3840A-839D-44E6-8D8F-09F89C69D930}.Debug|x86.Build.0 = Debug|Win32
		{3AC3840A-839D-44E6-8D8F-09F89C69D930}.Release|x64.ActiveCfg = Release|x64
		{3AC3840A-839D-44E6-8D8F-09F89C69D930}.Release|x64.Build.0 = Release|x64
		{3AC3840A-839D-44E6-8D8F-09F89C69D930}.Release|x86.ActiveCfg = Release|Win32
		{3AC3840A-839D-44E6-8D8F-09F89C69D930}.Release|x86.Build.0 = Release|Win32
		{4F92088B-3C62-4DC6-A5BF-2A37CA0B55CB}.Debug|x64.ActiveCfg = Debug|x64
		{4F92088B-3C62-4DC6-A5BF-2A37CA0B55CB}.Debug|x64.Build.0 = Debug|x64
		{4F92088B-3C62-4DC6-A5BF-2A37CA0B55CB}.Debug|x86.ActiveCfg = Debug|Win32
		{4F92088B-3C62-4DC6-A5BF-2A37CA0B55CB}.Debug|x86.Build.0 = Debug|Win32
		{4F92088B-3C62-4DC6-A5BF-2A37CA0B55CB}.Release|x64.ActiveCfg = Release|x64
		{4F92088B-3C62-4DC6-A5BF-2A37CA0B55CB}.Release|x64.Build.0 = Release|x64
		{4F92088B-3C62-4DC6-A5BF-2A37CA0B55CB}.Release|x86.ActiveCfg = Release|Win32
		{4F92088B-3C62-4DC6-A5BF-2A37CA0B55CB}.Release|x86.Build.0 = Release|Win32
		{3D9EF7FD-9424-4082-82C1-6E1A525E0809}.Debug|x64.ActiveCfg = Debug|x64
		{3D9EF7FD-9424-4082-82C1-6E1A525E0809}.Debug|x64.Build.0 = Debug|x64
		{3D9EF7FD-9424-4082-82C1-6E1A525E0809}.Debug|x86.ActiveCfg = Debug|Win32
		{3D9EF7FD-9424-4082-82C1-6E1A525E0809}.Debug|x86.Build.0 = Debug|Win32
		{3D9EF7FD-9424-4082-82C1-6E1A525E0809}.Release|x64.ActiveCfg = Release|x64
		{3D9EF7FD-9424-4082-82C1-6E1A525E0809}.Release|x64.Build.0 = Release|x64
		{3D9EF7FD-9424-4082-82C1-6E1A525E0809}.Release|x86.ActiveCfg = Release|Win32
		{3D9EF7FD-9424-4082-82C1-6E1A525E0809}.Release|x86.Build.0 = Release|Win32
		{BE8EE7EF-DF61-448A-8C26-60727DBF5BCA}.Debug|x64.ActiveCfg = Debug|x64
		{BE8EE7EF-DF61-448A-8C26-60727DBF5BCA}.Debug|x64.Build.0 = Debug|x64
		{BE8EE7EF-DF61-448A-8C26-60727DBF5BCA}.Debug|x86.ActiveCfg = Debug|Win32
		{BE8EE7EF-DF61-448A-8C26-60727DBF5BCA}.Debug|x86.Build.0 = Debug|Win32
		{BE8EE7EF-DF61-448A-8C26-60727DBF5BCA}.Release|x64.ActiveCfg = Release|x64
		{BE8EE7EF-DF61-448A-8C26-60727DBF5BCA}.Release|x64.Build.0 = Release|x64
		{BE8EE7EF-DF61-448A-8C26-60727DBF5BCA}.Release|x86.ActiveCfg = Release|Win32
		{BE8EE7EF-DF61-448A-8C26-60727DBF5BCA}.Release|x86.Build.0 = Release|Win32
		{398E109B-BB36-40DC-9242-FC3DF327B469}.Debug|x64.ActiveCfg = Debug|x64
		{398E109B-BB36-40DC-9242-FC3DF327B469}.Debug|x64.Build.0 = Debug|x64
		{398E109B-BB36-40DC-9242-FC3DF327B469}.Debug|x86.ActiveCfg = Debug|Win32
		{398E109B-BB36-40DC-9242-FC3DF327B469}.Debug|x86.Build.0 = Debug|Win32
		{398E109B-BB36-40DC-9242-FC3DF327B469}.Release|x64.ActiveCfg = Release|x64
		{398E109B-BB36-40DC-9242-FC3DF327B469}.Release|x64.Build.0 = Release|x64
		{398E109B-BB36-40DC-9242-FC3DF327B469}.Release|x86.ActiveCfg = Release|Win32
		{398E109B-BB36-40DC-9242-FC3DF327B469}.Release|x86.Build.0 = Release|Win32
		{046EF0C9-F423-4274-94F3-F34DBD87FA3F}.Debug|x64.ActiveCfg = Debug|x64
		{046EF0C9-F423-4274-94F3-F34DBD87FA3F}.Debug|x64.Build.0 = Debug|x64
		{046EF0C9-F423-4274-94F3-F34DBD87FA3F}.Debug|x86.ActiveCfg = Debug|Win32
		{046EF0C9-F423-4274-94F3-F34DBD87FA3F}.Debug|x86.Build.0 = Debug|Win32
		{046EF0C9-F423-4274-94F3-F34DBD87FA3F}.Release|x64.ActiveCfg = Release|x64
		{046EF0C9-F423-4274-94F3-F34DBD87FA3F}.Release|x64.Build.0 = Release|x64
		{046EF0C9-F423-4274-94F3-F34DBD87FA3F}.Release|x86.ActiveCfg = Release|Win32
		{046EF0C9-F423-4274-94F3-F34DBD87FA3F}.Release|x86.Build.0 = Release|Win32
		{3DF4DD77-37E0-4B28-A488-9749C67184B9}.Debug|x64.ActiveCfg = Debug|x64
		{3DF4DD77-37E0-4B28-A488-9749C67184B9}.Debug|x64.Build.0 = Debug|x64
		{3DF4DD77-37E0-4B28-A488-9749C67184B9}.Debug|x86.ActiveCfg = Debug|Win32
		{3DF4DD77-37E0-4B28-A488-9749C67184B9}.Debug|x86.Build.0 = Debug|Win32
		{3DF4DD77-37E0-4B28-A488-9749C67184B9}.Release|x64.ActiveCfg = Release|x64
		{3DF4DD77-37E0-4B28-A488-9749C67184B9}.Release|x64.Build.0 = Release|x64
		{3DF4DD77-37E0-4B28-A488-9749C67184B9}.Release|x86.ActiveCfg = Release|Win32
		{3DF4DD77-37E0-4B28-A488-9749C67184B9}.Release|x86.Build.0 = Release|Win32
		{9468EA5E-3373-45E5-847C-1CDBED1ABA1E}.Debug|x64.ActiveCfg = Debug|x64
		{9468EA5E-3373-45E5-847C-1CDBED1ABA1E}.Debug|x64.Build.0 = Debug|x64
		{9468EA5E-3373-45E5-847C-1CDBED1ABA1E}.Debug|x86.ActiveCfg = Debug|Win32
		{9468EA5E-3373-45E5-847C-1CDBED1ABA1E}.Debug|x86.Build.0 = Debug|Win32
		{9468EA5E-3373-45E5-847C-1CDBED1ABA1E}.Release|x64.ActiveCfg = Release|x64
		{9468EA5E-3373-45E5-847C-1CDBED1ABA1E}.Release|x64.Build.0 = Release|x64
		{9468EA5E-3373-45E5-847C-1CDBED1ABA1E}.Release|x86.ActiveCfg = Release|Win32
		{9468EA5E-3373-45E5-847C-1CDBED1ABA1E}.Release|x86.Build.0 = Release|Win32
		{59659F1F-03F2-484E-87C5-EB95D16C94CE}.Debug|x64.ActiveCfg = Debug|x64
		{59659F1F-03F2-484E-87C5-EB95D16C94CE}.Debug|x64.Build.0 = Debug|x64
		{59659F1F-03F2-484E-87C5-EB95D16C94CE}.Debug|x86.ActiveCfg = Debug|Win32
		{59659F1F-03F2-484E-87C5-EB95D16C94CE}.Debug|x86.Build.0 = Debug|Win32
		{59659F1F-03F2-484E-87C5-EB95D16C94CE}.Release|x64.ActiveCfg = Release|x64
		{59659F1F-03F2-484E-87C5-EB95D16C94CE}.Release|x64.Build.0 = Release|x64
		{59659F1F-03F2-484E-87C5-EB95D16C94CE}.Release|x86.ActiveCfg = Release|Win32
		{59659F1F-03F2-484E-87C5-EB95D16C94CE}.Release|x86.Build.0 = Release|Win32
		{B641012D-6439-4AC1-8F07-4D79D1154EFF}.Debug|x64.ActiveCfg = Debug|x64
		{B641012D-6439-4AC1-8F07-4D79D1154EFF}.Debug|x64.Build.0 = Debug|x64
		{B641012D-6439-4AC1-8F07-4D79D1154EFF}.Debug|x86.ActiveCfg = Debug|Win32
		{B641012D-6439-4AC1-8F07-4D79D1154EFF}.Debug|x86.Build.0 = Debug|Win32
		{B641012D-6439-4AC1-8F07-4D79D1154EFF}.Release|x64.ActiveCfg = Release|x64
		{B641012D-6439-4AC1-8F07-4D79D1154EFF}.Release|x64.Build.0 = Release|x64
		{B641012D-6439-4AC1-8F07-4D79D1154EFF}.Release|x86.ActiveCfg = Release|Win32
		{B641012D-6439-4AC1-8F07-4D79D1154EFF}.Release|x86.Build.0 = Release|Win32
		{787F8259-C6F1-490F-B550-4757D81D0A04}.Debug|x64.ActiveCfg = Debug|x64
		{787F8259-C6F1-490F-B550-4757D81D0A04}.Debug|x64.Build.0 = Debug|x64
		{787F8259-C6F1-490F-B550-4757D81D0A04}.Debug|x86.ActiveCfg = Debug|Win32
		{787F8259-C6F1-490F-B550-4757D81D0A04}.Debug|x86.Build.0 = Debug|Win32
		{787F8259-C6F1-490F-B550-4757D81D0A04}.Release|x64.ActiveCfg = Release|x64
		{787F8259-C6F1-490F-B550-4757D81D0A04}.Release|x64.Build.0 = Release|x64
		{787F8259-C6F1-490F-B550-4757D81D0A04}.Release|x86.ActiveCfg = Release|Win32
		{787F8259-C6F1-490F-B550-4757D81D0A04}.Release|x86.Build.0 = Release|Win32
		{6943EB0D-05C4-4B7C-B74C-78627CB997BE}.Debug|x64.ActiveCfg = Debug|x64
		{6943EB0D-05C4-4B7C-B74C-78627CB997BE}.Debug|x64.Build.0 = Debug|x64
		{6943EB0D-05C4-4B7C-B74C-78627CB997BE}.Debug|x86.ActiveCfg = Debug|Win32
		{6943EB0D-05C4-4B7C-B74C-78627CB997BE}.Debug|x86.Build.0 = Debug|Win32
		{6943EB0D-05C4-4B7C-B74C-78627CB997BE}.Release|x64.ActiveCfg = Release|x64
		{6943EB0D-05C4-4B7C-B74C-78627CB997BE}.Release|x64.Build.0 = Release|x64
		{6943EB0D-05C4-4B7C-B74C-78627CB997BE}.Release|x86.ActiveCfg = Release|Win32
		{6943EB0D-05C4-4B7C-B74C-78627CB997BE}.Release|x86.Build.0 = Release|Win32
		{1C88F56E-E92F-4321-9E1C-F8265CAE6C0C}.Debug|x64.ActiveCfg = Debug|x64
		{1C88F56E-E92F-4321-9E1C-F8265CAE6C0C}.Debug|x64.Build.0 = Debug|x64
		{1C88F56E-E92F-4321-9E1C-F8265CAE6C0C}.Debug|x86.ActiveCfg = Debug|Win32
		{1C88F56E-E92F-4321-9E1C-F8265CAE6C0C}.Debug|x86.Build.0 = Debug|Win32
		{1C88F56E-E92F-4321-9E1C-F8265CAE6C0C}.Release|x64.ActiveCfg = Release|x64
		{1C88F56E-E92F-4321-9E1C-F8265CAE6C0C}.Release|x64.Build.0 = Release|x64
		{1C88F56E-E92F-4321-9E1C-F8265CAE6C0C}.Release|x86.ActiveCfg = Release|Win32
		{1C88F56E-E92F-4321-9E1C-F8265CAE6C0C}.Release|x86.Build.0 = Release|Win32
		{4E2EDCE7-EBB9-4B61-9A65-AE8A5121FF95}.Debug|x64.ActiveCfg = Debug|x64
		{4E2EDCE7-EBB9-4B61-9A65-AE8A5121FF95}.Debug|x64.Build.0 = Debug|x64
		{4E2EDCE7-EBB9-4B61-9A65-AE8A5121FF95}.Debug|x86.ActiveCfg = Debug|Win32
		{4E2EDCE7-EBB9-4B61-9A65-AE8A5121FF95}.Debug|x86.Build.0 = Debug|Win32
		{4E2EDCE7-EBB9-4B61-9A65-AE8A5121FF95}.Release|x64.ActiveCfg = Release|x64
		{4E2EDCE7-EBB9-4B61-9A65-AE8A5121FF95}.Release|x64.Build.0 = Release|x64
		{4E2EDCE7-EBB9-4B61-9A65-AE8A5121FF95}.Release|x86.ActiveCfg = Release|Win32
		{4E2EDCE7-EBB9-4B61-9A65-AE8A5121FF95}.Release|x86.Build.0 = Release|Win32
		{FA8562B8-03B4-4241-AA09-826749F35225}.Debug|x64.ActiveCfg = Debug|x64
		{FA8562B8-03B4-4241-AA09-826749F35225}.Debug|x64.Build.0 = Debug|x64
		{FA8562B8-03B4-4241-AA09-826749F35225}.Debug|x86.ActiveCfg = Debug|Win32
		{FA8562B8-03B4-4241-AA09-826749F35225}.Debug|x86.Build.0 = Debug|Win32
		{FA8562B8-03B4-4241-AA09-826749F35225}.Release|x64.ActiveCfg = Release|x64
		{FA8562B8-03B4-4241-AA09-826749F35225}.Release|x64.Build.0 = Release|x64
		{FA8562B8-03B4-4241-AA09-826749F35225}.Release|x86.ActiveCfg = Release|Win32
		{FA8562B8-03B4-4241-AA09-826749F35225}.Release|x86.Build.0 = Release|Win32
		{745423C8-AFAB-4F64-983B-B8C7D4DB6BCF}.Debug|x64.ActiveCfg = Debug|x64
		{745423C8-AFAB-4F64-983B-B8C7D4DB6BCF}.Debug|x64.Build.0 = Debug|x64
		{745423C8-AFAB-4F64-983B-B8C7D4DB6BCF}.Debug|x86.ActiveCfg = Debug|Win32
		{745423C8-AFAB-4F64-983B-B8C7D4DB6BCF}.Debug|x86.Build.0 = Debug|Win32
		{745423C8-AFAB-4F64-983B-B8C7D4DB6BCF}.Release|x64.ActiveCfg = Release|x64
		{745423C8-AFAB-4F64-983B-B8C7D4DB6BCF}.Release|x64.Build.0 = Release|x64
		{745423C8-AFAB-4F64-983B-B8C7D4DB6BCF}.Release|x86.ActiveCfg = Release|Win32
		{745423C8-AFAB-4F64-983B-B8C7D4DB6BCF}.Release|x86.Build.0 = Release|Win32
		{0035F885-F716-4D90-8618-D9CB4AE18118}.Debug|x64.ActiveCfg = Debug|x64
		{0035F885-F716-4D90-8618-D9CB4AE18118}.Debug|x64.Build.0 = Debug|x64
		{0035F885-F716-4D90-8618-D9CB4AE18118}.Debug|x86.ActiveCfg = Debug|Win32
		{0035F885-F716-4D90-8618-D9CB4AE18118}.Debug|x86.Build.0 = Debug|Win32
		{0035F885-F716-4D90-8618-D9CB4AE18118}.Release|x64.ActiveCfg = Release|x64
		{0035F885-F716-4D90-8618-D9CB4AE18118}.Release|x64.Build.0 = Release|x64
		{0035F885-F716-4D90-8618-D9CB4AE18118}.Release|x86.ActiveCfg = Release|Win32
		{0035F885-F716-4D90-8618-D9CB4AE18118}.Release|x86.Build.0 = Release|Win32
		{67319D18-EC60-47BF-83D7-70C32BC4C665}.Debug|x64.ActiveCfg = Debug|x64
		{67319D18-EC60-47BF-83D7-70C32BC4C665}.Debug|x64.Build.0 = Debug|x64
		{67319D18-EC60-47BF-83D7-70C32BC4C665}.Debug|x86.ActiveCfg = Debug|Win32
		{67319D18-EC60-47BF-83D7-70C32BC4C665}.Debug|x86.Build.0 = Debug|Win32
		{67319D18-EC60-47BF-83D7-70C32BC4C665}.Release|x64.ActiveCfg = Release|x64
		{67319D18-EC60-47BF-83D7-70C32BC4C665}.Release|x64.Build.0 = Release|x64
		{67319D18-EC60-47BF-83D7-70C32BC4C665}.Release|x86.ActiveCfg = Release|Win32
		{67319D18-EC60-47BF-83D7-70C32BC4C665}.Release|x86.Build.0 = Release|Win32
		{25CC82B1-392B-480C-9B47-6E0B4A54D69F}.Debug|x64.ActiveCfg = Debug|x64
		{25CC82B1-392B-480C-9B47-6E0B4A54D69F}.Debug|x64.Build.0 = Debug|x64
		{25CC82B1-392B-480C-9B47-6E0B4A54D69F}.Debug|x86.ActiveCfg = Debug|Win32
		{25CC82B1-392B-480C-9B47-6E0B4A54D69F}.Debug|x86.Build.0 = Debug|Win32
		{25CC82B1-392B-480C-9B47-6E0B4A54D69F}.Release|x64.ActiveCfg = Release|x64
		{25CC82B1-392B-480C-9B47-6E0B4A54D69F}.Release|x64.Build.0 = Release|x64
		{25CC82B1-392B-480C-9B47-6E0B4A54D69F}.Release|x86.ActiveCfg = Release|Win32
		{25CC82B1-392B-480C-9B47-6E0B4A54D69F}.Release|x86.Build.0 = Release|Win32
		{C46514A6-7F46-41FC-88AD-107F8EFD4D50}.Debug|x64.ActiveCfg = Debug|x64
		{C46514A6-7F46-41FC-88AD-107F8EFD4D50}.Debug|x64.Build.0 = Debug|x64
		{C46514A6-7F46-41FC-88AD-107F8EFD4D50}.Debug|x86.ActiveCfg = Debug|Win32
		{C46514A6-7F46-41FC-88AD-107F8EFD4D50}.Debug|x86.Build.0 = Debug|Win32
		{C46514A6-7F46-41FC-88AD-107F8EFD4D50}.Release|x64.ActiveCfg = Release|x64
		{C46514A6-7F46-41FC-88AD-107F8EFD4D50}.Release|x64.Build.0 = Release|x64
		{C46514A6-7F46-41FC-88AD-107F8EFD4D50}.Release|x86.ActiveCfg = Release|Win32
		{C46514A6-7F46-41FC-88AD-107F8EFD4D50}.Release|x86.Build.0 = Release|Win32
		{A9970F3E-3604-4E18-BC08-0384E11D207C}.Debug|x64.ActiveCfg = Debug|x64
		{A9970F3E-3604-4E18-BC08-0384E11D207C}.Debug|x64.Build.0 = Debug|x64
		{A9970F3E-3604-4E18-BC08-0384E11D207C}.Debug|x86.ActiveCfg = Debug|Win32
		{A9970F3E-3604-4E18-BC08-0384E11D207C}.Debug|x86.Build.0 = Debug|Win32
		{A9970F3E-3604-4E18-BC08-0384E11D207C}.Release|x64.ActiveCfg = Release|x64
		{A9970F3E-3604-4E18-BC08-0384E11D207C}.Release|x64.Build.0 = Release|x64
		{A9970F3E-3604-4E18-BC08-0384E11D207C}.Release|x86.ActiveCfg = Release|Win32
		{A9970F3E-3604-4E18-BC08-0384E11D207C}.Release|x86.Build.0 = Release|Win32
	EndGlobalSection
	GlobalSection(SolutionProperties) = preSolution
		HideSolutionNode = FALSE
	EndGlobalSection
	GlobalSection(ExtensibilityGlobals) = postSolution
		SolutionGuid = {1E00697E-0F1C-478B-A75C-2DFBEE9DDDBB}
	EndGlobalSection
EndGlobal
